{
  "version": 4,
  "terraform_version": "1.13.5",
  "serial": 17,
  "lineage": "8fec4e67-8da2-5b29-3053-47d1f65a92f3",
  "outputs": {
    "app_vm_public_ip": {
      "value": "4.218.14.65",
      "type": "string"
    },
    "app_vm_ssh_command": {
      "value": "ssh azureuser@4.218.14.65",
      "type": "string"
    },
    "backend_url": {
      "value": "http://4.218.14.65:8080",
      "type": "string"
    },
    "frontend_url": {
      "value": "http://4.218.14.65:5173",
      "type": "string"
    },
    "monitor_vm_public_ip": {
      "value": "20.41.80.191",
      "type": "string"
    },
    "monitor_vm_ssh_command": {
      "value": "ssh azureuser@20.41.80.191",
      "type": "string"
    },
    "nagios_url": {
      "value": "http://20.41.80.191/nagios",
      "type": "string"
    },
    "postgresql_connection_string": {
      "value": "jdbc:postgresql://sms-psql-server.postgres.database.azure.com:5432/sms",
      "type": "string",
      "sensitive": true
    },
    "postgresql_server_fqdn": {
      "value": "sms-psql-server.postgres.database.azure.com",
      "type": "string"
    },
    "resource_group_name": {
      "value": "sms-devops-rg",
      "type": "string"
    }
  },
  "resources": [
    {
      "mode": "managed",
      "type": "azurerm_linux_virtual_machine",
      "name": "app_vm",
      "provider": "provider[\"registry.terraform.io/hashicorp/azurerm\"]",
      "instances": [
        {
          "schema_version": 0,
          "attributes": {
            "additional_capabilities": [],
            "admin_password": null,
            "admin_ssh_key": [
              {
                "public_key": "ssh-rsa AAAAB3NzaC1yc2EAAAADAQABAAACAQDO/GQLu3AK9CCDpbVJHaUhfJEHg3UqnJR8hnpWITNuCcLn2eLGn8zQxlR4dPeT+Lziur9RFH6ZJWalA1sgRQ3EbBjTjDWvJ6psypMFdmuxUbdJlZYJ4+UMfAbfZyfk+Hu/qMyG7nRaqFnXcPe4H1Ssf8xVQoe6Ct5unTHEw/2re2ijkY8EFrXGFNdELeB+VHDkhhXgDWdZDMFw8B5in8ZoATBThRwOCLXuPntiQ524YoDdIV3pLu/swW8jm6XegQHXSokJf2ZzEqj/TKWnuSvubS7QYQRSIKt35NrRf7V5FBz9zfmiXGw/EsBQ7toNx5C5u2BTiWQqa0A/V0/6QzKBvAODi+2EsuaKIhK/6fYDAFq7UsGZe5BhyCsUtgMvrJTub2NhTEnLK+eHYFyb1zEUP+rTqGXPNv4x7UHM2Ks+4+xD2/+17Gbg/HbDz+2TGvh0L1LTvA4riA31/OWnpxlij0dTnwlFoDIynhtPLU+Ac/LFoppb2uYX2+Yq5LJv6FOSTfVSLMj035jeN0KxElAtJjBVLNndK57cu7x9mTWpxXLPxV/RdwF4Jkv36plVPOFPXIF4OcaVNPYPvmLMY702ZZEtJcZVNNHmR9l9lxEfRYAA14WCkiV52E2kSTMxL9+vPsQSWHlQv0FcpXSr1/8HQS/vlG3MJdChBtX6IPehfw== azure-sms-devops\r\n",
                "username": "azureuser"
              }
            ],
            "admin_username": "azureuser",
            "allow_extension_operations": true,
            "availability_set_id": "",
            "boot_diagnostics": [],
            "bypass_platform_safety_checks_on_user_schedule_enabled": false,
            "capacity_reservation_group_id": "",
            "computer_name": "sms-app-vm",
            "custom_data": null,
            "dedicated_host_group_id": "",
            "dedicated_host_id": "",
            "disable_password_authentication": true,
            "disk_controller_type": "SCSI",
            "edge_zone": "",
            "encryption_at_host_enabled": false,
            "eviction_policy": "",
            "extensions_time_budget": "PT1H30M",
            "gallery_application": [],
            "id": "/subscriptions/ad92a2b4-b9aa-49c6-8c43-9eb2d22a6ef0/resourceGroups/sms-devops-rg/providers/Microsoft.Compute/virtualMachines/sms-app-vm",
            "identity": [],
            "license_type": "",
            "location": "koreacentral",
            "max_bid_price": -1,
            "name": "sms-app-vm",
            "network_interface_ids": [
              "/subscriptions/ad92a2b4-b9aa-49c6-8c43-9eb2d22a6ef0/resourceGroups/sms-devops-rg/providers/Microsoft.Network/networkInterfaces/sms-app-nic"
            ],
            "os_disk": [
              {
                "caching": "ReadWrite",
                "diff_disk_settings": [],
                "disk_encryption_set_id": "",
                "disk_size_gb": 30,
                "name": "sms-app-vm_OsDisk_1_e5d43b44566849d29e1bb034d6102ab4",
                "secure_vm_disk_encryption_set_id": "",
                "security_encryption_type": "",
                "storage_account_type": "Standard_LRS",
                "write_accelerator_enabled": false
              }
            ],
            "os_image_notification": [],
            "patch_assessment_mode": "ImageDefault",
            "patch_mode": "ImageDefault",
            "plan": [],
            "platform_fault_domain": -1,
            "priority": "Regular",
            "private_ip_address": "10.0.1.5",
            "private_ip_addresses": [
              "10.0.1.5"
            ],
            "provision_vm_agent": true,
            "proximity_placement_group_id": "",
            "public_ip_address": "4.218.14.65",
            "public_ip_addresses": [
              "4.218.14.65"
            ],
            "reboot_setting": "",
            "resource_group_name": "sms-devops-rg",
            "secret": [],
            "secure_boot_enabled": false,
            "size": "Standard_B1s",
            "source_image_id": "",
            "source_image_reference": [
              {
                "offer": "0001-com-ubuntu-server-jammy",
                "publisher": "Canonical",
                "sku": "22_04-lts-gen2",
                "version": "latest"
              }
            ],
            "tags": {
              "Environment": "dev",
              "Role": "Application"
            },
            "termination_notification": null,
            "timeouts": null,
            "user_data": "",
            "virtual_machine_id": "aed490b7-ff6a-4262-a8bb-38078f84d2e3",
            "virtual_machine_scale_set_id": "",
            "vm_agent_platform_updates_enabled": false,
            "vtpm_enabled": false,
            "zone": ""
          },
          "sensitive_attributes": [
            [
              {
                "type": "get_attr",
                "value": "admin_password"
              }
            ],
            [
              {
                "type": "get_attr",
                "value": "custom_data"
              }
            ]
          ],
          "identity_schema_version": 0,
          "private": "eyJlMmJmYjczMC1lY2FhLTExZTYtOGY4OC0zNDM2M2JjN2M0YzAiOnsiY3JlYXRlIjoyNzAwMDAwMDAwMDAwLCJkZWxldGUiOjI3MDAwMDAwMDAwMDAsInJlYWQiOjMwMDAwMDAwMDAwMCwidXBkYXRlIjoyNzAwMDAwMDAwMDAwfX0=",
          "dependencies": [
            "azurerm_network_interface.app_vm_nic",
            "azurerm_public_ip.app_vm_pip",
            "azurerm_resource_group.sms_rg",
            "azurerm_subnet.sms_subnet",
            "azurerm_virtual_network.sms_vnet"
          ]
        }
      ]
    },
    {
      "mode": "managed",
      "type": "azurerm_linux_virtual_machine",
      "name": "monitor_vm",
      "provider": "provider[\"registry.terraform.io/hashicorp/azurerm\"]",
      "instances": [
        {
          "schema_version": 0,
          "attributes": {
            "additional_capabilities": [],
            "admin_password": null,
            "admin_ssh_key": [
              {
                "public_key": "ssh-rsa AAAAB3NzaC1yc2EAAAADAQABAAACAQDO/GQLu3AK9CCDpbVJHaUhfJEHg3UqnJR8hnpWITNuCcLn2eLGn8zQxlR4dPeT+Lziur9RFH6ZJWalA1sgRQ3EbBjTjDWvJ6psypMFdmuxUbdJlZYJ4+UMfAbfZyfk+Hu/qMyG7nRaqFnXcPe4H1Ssf8xVQoe6Ct5unTHEw/2re2ijkY8EFrXGFNdELeB+VHDkhhXgDWdZDMFw8B5in8ZoATBThRwOCLXuPntiQ524YoDdIV3pLu/swW8jm6XegQHXSokJf2ZzEqj/TKWnuSvubS7QYQRSIKt35NrRf7V5FBz9zfmiXGw/EsBQ7toNx5C5u2BTiWQqa0A/V0/6QzKBvAODi+2EsuaKIhK/6fYDAFq7UsGZe5BhyCsUtgMvrJTub2NhTEnLK+eHYFyb1zEUP+rTqGXPNv4x7UHM2Ks+4+xD2/+17Gbg/HbDz+2TGvh0L1LTvA4riA31/OWnpxlij0dTnwlFoDIynhtPLU+Ac/LFoppb2uYX2+Yq5LJv6FOSTfVSLMj035jeN0KxElAtJjBVLNndK57cu7x9mTWpxXLPxV/RdwF4Jkv36plVPOFPXIF4OcaVNPYPvmLMY702ZZEtJcZVNNHmR9l9lxEfRYAA14WCkiV52E2kSTMxL9+vPsQSWHlQv0FcpXSr1/8HQS/vlG3MJdChBtX6IPehfw== azure-sms-devops\r\n",
                "username": "azureuser"
              }
            ],
            "admin_username": "azureuser",
            "allow_extension_operations": true,
            "availability_set_id": "",
            "boot_diagnostics": [],
            "bypass_platform_safety_checks_on_user_schedule_enabled": false,
            "capacity_reservation_group_id": "",
            "computer_name": "sms-monitor-vm",
            "custom_data": null,
            "dedicated_host_group_id": "",
            "dedicated_host_id": "",
            "disable_password_authentication": true,
            "disk_controller_type": "SCSI",
            "edge_zone": "",
            "encryption_at_host_enabled": false,
            "eviction_policy": "",
            "extensions_time_budget": "PT1H30M",
            "gallery_application": [],
            "id": "/subscriptions/ad92a2b4-b9aa-49c6-8c43-9eb2d22a6ef0/resourceGroups/sms-devops-rg/providers/Microsoft.Compute/virtualMachines/sms-monitor-vm",
            "identity": [],
            "license_type": "",
            "location": "koreacentral",
            "max_bid_price": -1,
            "name": "sms-monitor-vm",
            "network_interface_ids": [
              "/subscriptions/ad92a2b4-b9aa-49c6-8c43-9eb2d22a6ef0/resourceGroups/sms-devops-rg/providers/Microsoft.Network/networkInterfaces/sms-monitor-nic"
            ],
            "os_disk": [
              {
                "caching": "ReadWrite",
                "diff_disk_settings": [],
                "disk_encryption_set_id": "",
                "disk_size_gb": 30,
                "name": "sms-monitor-vm_OsDisk_1_d4b264c0cf814fda9ebc4233be4a563e",
                "secure_vm_disk_encryption_set_id": "",
                "security_encryption_type": "",
                "storage_account_type": "Standard_LRS",
                "write_accelerator_enabled": false
              }
            ],
            "os_image_notification": [],
            "patch_assessment_mode": "ImageDefault",
            "patch_mode": "ImageDefault",
            "plan": [],
            "platform_fault_domain": -1,
            "priority": "Regular",
            "private_ip_address": "10.0.1.4",
            "private_ip_addresses": [
              "10.0.1.4"
            ],
            "provision_vm_agent": true,
            "proximity_placement_group_id": "",
            "public_ip_address": "20.41.80.191",
            "public_ip_addresses": [
              "20.41.80.191"
            ],
            "reboot_setting": "",
            "resource_group_name": "sms-devops-rg",
            "secret": [],
            "secure_boot_enabled": false,
            "size": "Standard_B1s",
            "source_image_id": "",
            "source_image_reference": [
              {
                "offer": "0001-com-ubuntu-server-jammy",
                "publisher": "Canonical",
                "sku": "22_04-lts-gen2",
                "version": "latest"
              }
            ],
            "tags": {
              "Environment": "dev",
              "Role": "Monitoring"
            },
            "termination_notification": null,
            "timeouts": null,
            "user_data": "",
            "virtual_machine_id": "22717086-60b3-4671-8a18-cfcda132472d",
            "virtual_machine_scale_set_id": "",
            "vm_agent_platform_updates_enabled": false,
            "vtpm_enabled": false,
            "zone": ""
          },
          "sensitive_attributes": [
            [
              {
                "type": "get_attr",
                "value": "admin_password"
              }
            ],
            [
              {
                "type": "get_attr",
                "value": "custom_data"
              }
            ]
          ],
          "identity_schema_version": 0,
          "private": "eyJlMmJmYjczMC1lY2FhLTExZTYtOGY4OC0zNDM2M2JjN2M0YzAiOnsiY3JlYXRlIjoyNzAwMDAwMDAwMDAwLCJkZWxldGUiOjI3MDAwMDAwMDAwMDAsInJlYWQiOjMwMDAwMDAwMDAwMCwidXBkYXRlIjoyNzAwMDAwMDAwMDAwfX0=",
          "dependencies": [
            "azurerm_network_interface.monitor_vm_nic",
            "azurerm_public_ip.monitor_vm_pip",
            "azurerm_resource_group.sms_rg",
            "azurerm_subnet.sms_subnet",
            "azurerm_virtual_network.sms_vnet"
          ]
        }
      ]
    },
    {
      "mode": "managed",
      "type": "azurerm_network_interface",
      "name": "app_vm_nic",
      "provider": "provider[\"registry.terraform.io/hashicorp/azurerm\"]",
      "instances": [
        {
          "schema_version": 0,
          "attributes": {
            "accelerated_networking_enabled": false,
            "applied_dns_servers": [],
            "auxiliary_mode": "",
            "auxiliary_sku": "",
            "dns_servers": [],
            "edge_zone": "",
            "enable_accelerated_networking": false,
            "enable_ip_forwarding": false,
            "id": "/subscriptions/ad92a2b4-b9aa-49c6-8c43-9eb2d22a6ef0/resourceGroups/sms-devops-rg/providers/Microsoft.Network/networkInterfaces/sms-app-nic",
            "internal_dns_name_label": "",
            "internal_domain_name_suffix": "qz4rfn0l02kexcycwiagfyevtf.syx.internal.cloudapp.net",
            "ip_configuration": [
              {
                "gateway_load_balancer_frontend_ip_configuration_id": "",
                "name": "internal",
                "primary": true,
                "private_ip_address": "10.0.1.5",
                "private_ip_address_allocation": "Dynamic",
                "private_ip_address_version": "IPv4",
                "public_ip_address_id": "/subscriptions/ad92a2b4-b9aa-49c6-8c43-9eb2d22a6ef0/resourceGroups/sms-devops-rg/providers/Microsoft.Network/publicIPAddresses/sms-app-pip",
                "subnet_id": "/subscriptions/ad92a2b4-b9aa-49c6-8c43-9eb2d22a6ef0/resourceGroups/sms-devops-rg/providers/Microsoft.Network/virtualNetworks/sms-vnet/subnets/sms-subnet"
              }
            ],
            "ip_forwarding_enabled": false,
            "location": "koreacentral",
            "mac_address": "",
            "name": "sms-app-nic",
            "private_ip_address": "10.0.1.5",
            "private_ip_addresses": [
              "10.0.1.5"
            ],
            "resource_group_name": "sms-devops-rg",
            "tags": {
              "Environment": "dev"
            },
            "timeouts": null,
            "virtual_machine_id": ""
          },
          "sensitive_attributes": [],
          "identity_schema_version": 0,
          "private": "eyJlMmJmYjczMC1lY2FhLTExZTYtOGY4OC0zNDM2M2JjN2M0YzAiOnsiY3JlYXRlIjoxODAwMDAwMDAwMDAwLCJkZWxldGUiOjE4MDAwMDAwMDAwMDAsInJlYWQiOjMwMDAwMDAwMDAwMCwidXBkYXRlIjoxODAwMDAwMDAwMDAwfX0=",
          "dependencies": [
            "azurerm_public_ip.app_vm_pip",
            "azurerm_resource_group.sms_rg",
            "azurerm_subnet.sms_subnet",
            "azurerm_virtual_network.sms_vnet"
          ]
        }
      ]
    },
    {
      "mode": "managed",
      "type": "azurerm_network_interface",
      "name": "monitor_vm_nic",
      "provider": "provider[\"registry.terraform.io/hashicorp/azurerm\"]",
      "instances": [
        {
          "schema_version": 0,
          "attributes": {
            "accelerated_networking_enabled": false,
            "applied_dns_servers": [],
            "auxiliary_mode": "",
            "auxiliary_sku": "",
            "dns_servers": [],
            "edge_zone": "",
            "enable_accelerated_networking": false,
            "enable_ip_forwarding": false,
            "id": "/subscriptions/ad92a2b4-b9aa-49c6-8c43-9eb2d22a6ef0/resourceGroups/sms-devops-rg/providers/Microsoft.Network/networkInterfaces/sms-monitor-nic",
            "internal_dns_name_label": "",
            "internal_domain_name_suffix": "qz4rfn0l02kexcycwiagfyevtf.syx.internal.cloudapp.net",
            "ip_configuration": [
              {
                "gateway_load_balancer_frontend_ip_configuration_id": "",
                "name": "internal",
                "primary": true,
                "private_ip_address": "10.0.1.4",
                "private_ip_address_allocation": "Dynamic",
                "private_ip_address_version": "IPv4",
                "public_ip_address_id": "/subscriptions/ad92a2b4-b9aa-49c6-8c43-9eb2d22a6ef0/resourceGroups/sms-devops-rg/providers/Microsoft.Network/publicIPAddresses/sms-monitor-pip",
                "subnet_id": "/subscriptions/ad92a2b4-b9aa-49c6-8c43-9eb2d22a6ef0/resourceGroups/sms-devops-rg/providers/Microsoft.Network/virtualNetworks/sms-vnet/subnets/sms-subnet"
              }
            ],
            "ip_forwarding_enabled": false,
            "location": "koreacentral",
            "mac_address": "",
            "name": "sms-monitor-nic",
            "private_ip_address": "10.0.1.4",
            "private_ip_addresses": [
              "10.0.1.4"
            ],
            "resource_group_name": "sms-devops-rg",
            "tags": {
              "Environment": "dev"
            },
            "timeouts": null,
            "virtual_machine_id": ""
          },
          "sensitive_attributes": [],
          "identity_schema_version": 0,
          "private": "eyJlMmJmYjczMC1lY2FhLTExZTYtOGY4OC0zNDM2M2JjN2M0YzAiOnsiY3JlYXRlIjoxODAwMDAwMDAwMDAwLCJkZWxldGUiOjE4MDAwMDAwMDAwMDAsInJlYWQiOjMwMDAwMDAwMDAwMCwidXBkYXRlIjoxODAwMDAwMDAwMDAwfX0=",
          "dependencies": [
            "azurerm_public_ip.monitor_vm_pip",
            "azurerm_resource_group.sms_rg",
            "azurerm_subnet.sms_subnet",
            "azurerm_virtual_network.sms_vnet"
          ]
        }
      ]
    },
    {
      "mode": "managed",
      "type": "azurerm_network_interface_security_group_association",
      "name": "app_vm_nsg_assoc",
      "provider": "provider[\"registry.terraform.io/hashicorp/azurerm\"]",
      "instances": [
        {
          "schema_version": 0,
          "attributes": {
            "id": "/subscriptions/ad92a2b4-b9aa-49c6-8c43-9eb2d22a6ef0/resourceGroups/sms-devops-rg/providers/Microsoft.Network/networkInterfaces/sms-app-nic|/subscriptions/ad92a2b4-b9aa-49c6-8c43-9eb2d22a6ef0/resourceGroups/sms-devops-rg/providers/Microsoft.Network/networkSecurityGroups/sms-nsg",
            "network_interface_id": "/subscriptions/ad92a2b4-b9aa-49c6-8c43-9eb2d22a6ef0/resourceGroups/sms-devops-rg/providers/Microsoft.Network/networkInterfaces/sms-app-nic",
            "network_security_group_id": "/subscriptions/ad92a2b4-b9aa-49c6-8c43-9eb2d22a6ef0/resourceGroups/sms-devops-rg/providers/Microsoft.Network/networkSecurityGroups/sms-nsg",
            "timeouts": null
          },
          "sensitive_attributes": [],
          "identity_schema_version": 0,
          "private": "eyJlMmJmYjczMC1lY2FhLTExZTYtOGY4OC0zNDM2M2JjN2M0YzAiOnsiY3JlYXRlIjoxODAwMDAwMDAwMDAwLCJkZWxldGUiOjE4MDAwMDAwMDAwMDAsInJlYWQiOjMwMDAwMDAwMDAwMH19",
          "dependencies": [
            "azurerm_network_interface.app_vm_nic",
            "azurerm_network_security_group.sms_nsg",
            "azurerm_public_ip.app_vm_pip",
            "azurerm_resource_group.sms_rg",
            "azurerm_subnet.sms_subnet",
            "azurerm_virtual_network.sms_vnet"
          ]
        }
      ]
    },
    {
      "mode": "managed",
      "type": "azurerm_network_interface_security_group_association",
      "name": "monitor_vm_nsg_assoc",
      "provider": "provider[\"registry.terraform.io/hashicorp/azurerm\"]",
      "instances": [
        {
          "schema_version": 0,
          "attributes": {
            "id": "/subscriptions/ad92a2b4-b9aa-49c6-8c43-9eb2d22a6ef0/resourceGroups/sms-devops-rg/providers/Microsoft.Network/networkInterfaces/sms-monitor-nic|/subscriptions/ad92a2b4-b9aa-49c6-8c43-9eb2d22a6ef0/resourceGroups/sms-devops-rg/providers/Microsoft.Network/networkSecurityGroups/sms-nsg",
            "network_interface_id": "/subscriptions/ad92a2b4-b9aa-49c6-8c43-9eb2d22a6ef0/resourceGroups/sms-devops-rg/providers/Microsoft.Network/networkInterfaces/sms-monitor-nic",
            "network_security_group_id": "/subscriptions/ad92a2b4-b9aa-49c6-8c43-9eb2d22a6ef0/resourceGroups/sms-devops-rg/providers/Microsoft.Network/networkSecurityGroups/sms-nsg",
            "timeouts": null
          },
          "sensitive_attributes": [],
          "identity_schema_version": 0,
          "private": "eyJlMmJmYjczMC1lY2FhLTExZTYtOGY4OC0zNDM2M2JjN2M0YzAiOnsiY3JlYXRlIjoxODAwMDAwMDAwMDAwLCJkZWxldGUiOjE4MDAwMDAwMDAwMDAsInJlYWQiOjMwMDAwMDAwMDAwMH19",
          "dependencies": [
            "azurerm_network_interface.monitor_vm_nic",
            "azurerm_network_security_group.sms_nsg",
            "azurerm_public_ip.monitor_vm_pip",
            "azurerm_resource_group.sms_rg",
            "azurerm_subnet.sms_subnet",
            "azurerm_virtual_network.sms_vnet"
          ]
        }
      ]
    },
    {
      "mode": "managed",
      "type": "azurerm_network_security_group",
      "name": "sms_nsg",
      "provider": "provider[\"registry.terraform.io/hashicorp/azurerm\"]",
      "instances": [
        {
          "schema_version": 0,
          "attributes": {
            "id": "/subscriptions/ad92a2b4-b9aa-49c6-8c43-9eb2d22a6ef0/resourceGroups/sms-devops-rg/providers/Microsoft.Network/networkSecurityGroups/sms-nsg",
            "location": "koreacentral",
            "name": "sms-nsg",
            "resource_group_name": "sms-devops-rg",
            "security_rule": [
              {
                "access": "Allow",
                "description": "",
                "destination_address_prefix": "*",
                "destination_address_prefixes": [],
                "destination_application_security_group_ids": [],
                "destination_port_range": "22",
                "destination_port_ranges": [],
                "direction": "Inbound",
                "name": "SSH",
                "priority": 1001,
                "protocol": "Tcp",
                "source_address_prefix": "*",
                "source_address_prefixes": [],
                "source_application_security_group_ids": [],
                "source_port_range": "*",
                "source_port_ranges": []
              },
              {
                "access": "Allow",
                "description": "",
                "destination_address_prefix": "*",
                "destination_address_prefixes": [],
                "destination_application_security_group_ids": [],
                "destination_port_range": "443",
                "destination_port_ranges": [],
                "direction": "Inbound",
                "name": "HTTPS",
                "priority": 1003,
                "protocol": "Tcp",
                "source_address_prefix": "*",
                "source_address_prefixes": [],
                "source_application_security_group_ids": [],
                "source_port_range": "*",
                "source_port_ranges": []
              },
              {
                "access": "Allow",
                "description": "",
                "destination_address_prefix": "*",
                "destination_address_prefixes": [],
                "destination_application_security_group_ids": [],
                "destination_port_range": "5173",
                "destination_port_ranges": [],
                "direction": "Inbound",
                "name": "Frontend",
                "priority": 1005,
                "protocol": "Tcp",
                "source_address_prefix": "*",
                "source_address_prefixes": [],
                "source_application_security_group_ids": [],
                "source_port_range": "*",
                "source_port_ranges": []
              },
              {
                "access": "Allow",
                "description": "",
                "destination_address_prefix": "*",
                "destination_address_prefixes": [],
                "destination_application_security_group_ids": [],
                "destination_port_range": "80",
                "destination_port_ranges": [],
                "direction": "Inbound",
                "name": "HTTP",
                "priority": 1002,
                "protocol": "Tcp",
                "source_address_prefix": "*",
                "source_address_prefixes": [],
                "source_application_security_group_ids": [],
                "source_port_range": "*",
                "source_port_ranges": []
              },
              {
                "access": "Allow",
                "description": "",
                "destination_address_prefix": "*",
                "destination_address_prefixes": [],
                "destination_application_security_group_ids": [],
                "destination_port_range": "8080",
                "destination_port_ranges": [],
                "direction": "Inbound",
                "name": "Backend",
                "priority": 1004,
                "protocol": "Tcp",
                "source_address_prefix": "*",
                "source_address_prefixes": [],
                "source_application_security_group_ids": [],
                "source_port_range": "*",
                "source_port_ranges": []
              },
              {
                "access": "Allow",
                "description": "",
                "destination_address_prefix": "*",
                "destination_address_prefixes": [],
                "destination_application_security_group_ids": [],
                "destination_port_range": "8080",
                "destination_port_ranges": [],
                "direction": "Inbound",
                "name": "Nagios",
                "priority": 1006,
                "protocol": "Tcp",
                "source_address_prefix": "*",
                "source_address_prefixes": [],
                "source_application_security_group_ids": [],
                "source_port_range": "*",
                "source_port_ranges": []
              }
            ],
            "tags": {
              "Environment": "dev"
            },
            "timeouts": null
          },
          "sensitive_attributes": [],
          "identity_schema_version": 0,
          "private": "eyJlMmJmYjczMC1lY2FhLTExZTYtOGY4OC0zNDM2M2JjN2M0YzAiOnsiY3JlYXRlIjoxODAwMDAwMDAwMDAwLCJkZWxldGUiOjE4MDAwMDAwMDAwMDAsInJlYWQiOjMwMDAwMDAwMDAwMCwidXBkYXRlIjoxODAwMDAwMDAwMDAwfX0=",
          "dependencies": [
            "azurerm_resource_group.sms_rg"
          ]
        }
      ]
    },
    {
      "mode": "managed",
      "type": "azurerm_postgresql_flexible_server",
      "name": "sms_db",
      "provider": "provider[\"registry.terraform.io/hashicorp/azurerm\"]",
      "instances": [
        {
          "schema_version": 0,
          "attributes": {
            "administrator_login": "smsadmin",
            "administrator_password": "SMS_DevOps_2025!SecurePassword",
            "authentication": [
              {
                "active_directory_auth_enabled": false,
                "password_auth_enabled": true,
                "tenant_id": ""
              }
            ],
            "auto_grow_enabled": false,
            "backup_retention_days": 7,
            "create_mode": null,
            "customer_managed_key": [],
            "delegated_subnet_id": "",
            "fqdn": "sms-psql-server.postgres.database.azure.com",
            "geo_redundant_backup_enabled": false,
            "high_availability": [],
            "id": "/subscriptions/ad92a2b4-b9aa-49c6-8c43-9eb2d22a6ef0/resourceGroups/sms-devops-rg/providers/Microsoft.DBforPostgreSQL/flexibleServers/sms-psql-server",
            "identity": [],
            "location": "koreacentral",
            "maintenance_window": [],
            "name": "sms-psql-server",
            "point_in_time_restore_time_in_utc": null,
            "private_dns_zone_id": "",
            "public_network_access_enabled": true,
            "replication_role": "",
            "resource_group_name": "sms-devops-rg",
            "sku_name": "B_Standard_B1ms",
            "source_server_id": null,
            "storage_mb": 32768,
            "storage_tier": "P4",
            "tags": {
              "Environment": "dev"
            },
            "timeouts": null,
            "version": "15",
            "zone": "1"
          },
          "sensitive_attributes": [
            [
              {
                "type": "get_attr",
                "value": "administrator_password"
              }
            ]
          ],
          "identity_schema_version": 0,
          "private": "eyJlMmJmYjczMC1lY2FhLTExZTYtOGY4OC0zNDM2M2JjN2M0YzAiOnsiY3JlYXRlIjozNjAwMDAwMDAwMDAwLCJkZWxldGUiOjM2MDAwMDAwMDAwMDAsInJlYWQiOjMwMDAwMDAwMDAwMCwidXBkYXRlIjozNjAwMDAwMDAwMDAwfX0=",
          "dependencies": [
            "azurerm_resource_group.sms_rg"
          ]
        }
      ]
    },
    {
      "mode": "managed",
      "type": "azurerm_postgresql_flexible_server_database",
      "name": "sms_database",
      "provider": "provider[\"registry.terraform.io/hashicorp/azurerm\"]",
      "instances": [
        {
          "schema_version": 0,
          "attributes": {
            "charset": "UTF8",
            "collation": "en_US.utf8",
            "id": "/subscriptions/ad92a2b4-b9aa-49c6-8c43-9eb2d22a6ef0/resourceGroups/sms-devops-rg/providers/Microsoft.DBforPostgreSQL/flexibleServers/sms-psql-server/databases/sms",
            "name": "sms",
            "server_id": "/subscriptions/ad92a2b4-b9aa-49c6-8c43-9eb2d22a6ef0/resourceGroups/sms-devops-rg/providers/Microsoft.DBforPostgreSQL/flexibleServers/sms-psql-server",
            "timeouts": null
          },
          "sensitive_attributes": [],
          "identity_schema_version": 0,
          "private": "eyJlMmJmYjczMC1lY2FhLTExZTYtOGY4OC0zNDM2M2JjN2M0YzAiOnsiY3JlYXRlIjoxODAwMDAwMDAwMDAwLCJkZWxldGUiOjE4MDAwMDAwMDAwMDAsInJlYWQiOjMwMDAwMDAwMDAwMH19",
          "dependencies": [
            "azurerm_postgresql_flexible_server.sms_db",
            "azurerm_resource_group.sms_rg"
          ]
        }
      ]
    },
    {
      "mode": "managed",
      "type": "azurerm_postgresql_flexible_server_firewall_rule",
      "name": "allow_all",
      "provider": "provider[\"registry.terraform.io/hashicorp/azurerm\"]",
      "instances": [
        {
          "schema_version": 0,
          "attributes": {
            "end_ip_address": "255.255.255.255",
            "id": "/subscriptions/ad92a2b4-b9aa-49c6-8c43-9eb2d22a6ef0/resourceGroups/sms-devops-rg/providers/Microsoft.DBforPostgreSQL/flexibleServers/sms-psql-server/firewallRules/AllowAll",
            "name": "AllowAll",
            "server_id": "/subscriptions/ad92a2b4-b9aa-49c6-8c43-9eb2d22a6ef0/resourceGroups/sms-devops-rg/providers/Microsoft.DBforPostgreSQL/flexibleServers/sms-psql-server",
            "start_ip_address": "0.0.0.0",
            "timeouts": null
          },
          "sensitive_attributes": [],
          "identity_schema_version": 0,
          "private": "eyJlMmJmYjczMC1lY2FhLTExZTYtOGY4OC0zNDM2M2JjN2M0YzAiOnsiY3JlYXRlIjoxODAwMDAwMDAwMDAwLCJkZWxldGUiOjE4MDAwMDAwMDAwMDAsInJlYWQiOjMwMDAwMDAwMDAwMCwidXBkYXRlIjoxODAwMDAwMDAwMDAwfX0=",
          "dependencies": [
            "azurerm_postgresql_flexible_server.sms_db",
            "azurerm_resource_group.sms_rg"
          ]
        }
      ]
    },
    {
      "mode": "managed",
      "type": "azurerm_postgresql_flexible_server_firewall_rule",
      "name": "allow_azure",
      "provider": "provider[\"registry.terraform.io/hashicorp/azurerm\"]",
      "instances": [
        {
          "schema_version": 0,
          "attributes": {
            "end_ip_address": "0.0.0.0",
            "id": "/subscriptions/ad92a2b4-b9aa-49c6-8c43-9eb2d22a6ef0/resourceGroups/sms-devops-rg/providers/Microsoft.DBforPostgreSQL/flexibleServers/sms-psql-server/firewallRules/AllowAzureServices",
            "name": "AllowAzureServices",
            "server_id": "/subscriptions/ad92a2b4-b9aa-49c6-8c43-9eb2d22a6ef0/resourceGroups/sms-devops-rg/providers/Microsoft.DBforPostgreSQL/flexibleServers/sms-psql-server",
            "start_ip_address": "0.0.0.0",
            "timeouts": null
          },
          "sensitive_attributes": [],
          "identity_schema_version": 0,
          "private": "eyJlMmJmYjczMC1lY2FhLTExZTYtOGY4OC0zNDM2M2JjN2M0YzAiOnsiY3JlYXRlIjoxODAwMDAwMDAwMDAwLCJkZWxldGUiOjE4MDAwMDAwMDAwMDAsInJlYWQiOjMwMDAwMDAwMDAwMCwidXBkYXRlIjoxODAwMDAwMDAwMDAwfX0=",
          "dependencies": [
            "azurerm_postgresql_flexible_server.sms_db",
            "azurerm_resource_group.sms_rg"
          ]
        }
      ]
    },
    {
      "mode": "managed",
      "type": "azurerm_public_ip",
      "name": "app_vm_pip",
      "provider": "provider[\"registry.terraform.io/hashicorp/azurerm\"]",
      "instances": [
        {
          "schema_version": 0,
          "attributes": {
            "allocation_method": "Static",
            "ddos_protection_mode": "VirtualNetworkInherited",
            "ddos_protection_plan_id": null,
            "domain_name_label": null,
            "edge_zone": "",
            "fqdn": null,
            "id": "/subscriptions/ad92a2b4-b9aa-49c6-8c43-9eb2d22a6ef0/resourceGroups/sms-devops-rg/providers/Microsoft.Network/publicIPAddresses/sms-app-pip",
            "idle_timeout_in_minutes": 4,
            "ip_address": "4.218.14.65",
            "ip_tags": null,
            "ip_version": "IPv4",
            "location": "koreacentral",
            "name": "sms-app-pip",
            "public_ip_prefix_id": null,
            "resource_group_name": "sms-devops-rg",
            "reverse_fqdn": null,
            "sku": "Standard",
            "sku_tier": "Regional",
            "tags": {
              "Environment": "dev"
            },
            "timeouts": null,
            "zones": null
          },
          "sensitive_attributes": [],
          "identity_schema_version": 0,
          "private": "eyJlMmJmYjczMC1lY2FhLTExZTYtOGY4OC0zNDM2M2JjN2M0YzAiOnsiY3JlYXRlIjoxODAwMDAwMDAwMDAwLCJkZWxldGUiOjE4MDAwMDAwMDAwMDAsInJlYWQiOjMwMDAwMDAwMDAwMCwidXBkYXRlIjoxODAwMDAwMDAwMDAwfX0=",
          "dependencies": [
            "azurerm_resource_group.sms_rg"
          ]
        }
      ]
    },
    {
      "mode": "managed",
      "type": "azurerm_public_ip",
      "name": "monitor_vm_pip",
      "provider": "provider[\"registry.terraform.io/hashicorp/azurerm\"]",
      "instances": [
        {
          "schema_version": 0,
          "attributes": {
            "allocation_method": "Static",
            "ddos_protection_mode": "VirtualNetworkInherited",
            "ddos_protection_plan_id": null,
            "domain_name_label": null,
            "edge_zone": "",
            "fqdn": null,
            "id": "/subscriptions/ad92a2b4-b9aa-49c6-8c43-9eb2d22a6ef0/resourceGroups/sms-devops-rg/providers/Microsoft.Network/publicIPAddresses/sms-monitor-pip",
            "idle_timeout_in_minutes": 4,
            "ip_address": "20.41.80.191",
            "ip_tags": null,
            "ip_version": "IPv4",
            "location": "koreacentral",
            "name": "sms-monitor-pip",
            "public_ip_prefix_id": null,
            "resource_group_name": "sms-devops-rg",
            "reverse_fqdn": null,
            "sku": "Standard",
            "sku_tier": "Regional",
            "tags": {
              "Environment": "dev"
            },
            "timeouts": null,
            "zones": null
          },
          "sensitive_attributes": [],
          "identity_schema_version": 0,
          "private": "eyJlMmJmYjczMC1lY2FhLTExZTYtOGY4OC0zNDM2M2JjN2M0YzAiOnsiY3JlYXRlIjoxODAwMDAwMDAwMDAwLCJkZWxldGUiOjE4MDAwMDAwMDAwMDAsInJlYWQiOjMwMDAwMDAwMDAwMCwidXBkYXRlIjoxODAwMDAwMDAwMDAwfX0=",
          "dependencies": [
            "azurerm_resource_group.sms_rg"
          ]
        }
      ]
    },
    {
      "mode": "managed",
      "type": "azurerm_resource_group",
      "name": "sms_rg",
      "provider": "provider[\"registry.terraform.io/hashicorp/azurerm\"]",
      "instances": [
        {
          "schema_version": 0,
          "attributes": {
            "id": "/subscriptions/ad92a2b4-b9aa-49c6-8c43-9eb2d22a6ef0/resourceGroups/sms-devops-rg",
            "location": "koreacentral",
            "managed_by": "",
            "name": "sms-devops-rg",
            "tags": {
              "Environment": "dev",
              "ManagedBy": "Terraform",
              "Project": "StudentManagementSystem"
            },
            "timeouts": null
          },
          "sensitive_attributes": [],
          "identity_schema_version": 0,
          "private": "eyJlMmJmYjczMC1lY2FhLTExZTYtOGY4OC0zNDM2M2JjN2M0YzAiOnsiY3JlYXRlIjo1NDAwMDAwMDAwMDAwLCJkZWxldGUiOjU0MDAwMDAwMDAwMDAsInJlYWQiOjMwMDAwMDAwMDAwMCwidXBkYXRlIjo1NDAwMDAwMDAwMDAwfX0="
        }
      ]
    },
    {
      "mode": "managed",
      "type": "azurerm_subnet",
      "name": "sms_subnet",
      "provider": "provider[\"registry.terraform.io/hashicorp/azurerm\"]",
      "instances": [
        {
          "schema_version": 0,
          "attributes": {
            "address_prefixes": [
              "10.0.1.0/24"
            ],
            "default_outbound_access_enabled": true,
            "delegation": [],
            "enforce_private_link_endpoint_network_policies": false,
            "enforce_private_link_service_network_policies": false,
            "id": "/subscriptions/ad92a2b4-b9aa-49c6-8c43-9eb2d22a6ef0/resourceGroups/sms-devops-rg/providers/Microsoft.Network/virtualNetworks/sms-vnet/subnets/sms-subnet",
            "name": "sms-subnet",
            "private_endpoint_network_policies": "Enabled",
            "private_endpoint_network_policies_enabled": true,
            "private_link_service_network_policies_enabled": true,
            "resource_group_name": "sms-devops-rg",
            "service_endpoint_policy_ids": null,
            "service_endpoints": null,
            "timeouts": null,
            "virtual_network_name": "sms-vnet"
          },
          "sensitive_attributes": [],
          "identity_schema_version": 0,
          "private": "eyJlMmJmYjczMC1lY2FhLTExZTYtOGY4OC0zNDM2M2JjN2M0YzAiOnsiY3JlYXRlIjoxODAwMDAwMDAwMDAwLCJkZWxldGUiOjE4MDAwMDAwMDAwMDAsInJlYWQiOjMwMDAwMDAwMDAwMCwidXBkYXRlIjoxODAwMDAwMDAwMDAwfX0=",
          "dependencies": [
            "azurerm_resource_group.sms_rg",
            "azurerm_virtual_network.sms_vnet"
          ]
        }
      ]
    },
    {
      "mode": "managed",
      "type": "azurerm_virtual_network",
      "name": "sms_vnet",
      "provider": "provider[\"registry.terraform.io/hashicorp/azurerm\"]",
      "instances": [
        {
          "schema_version": 0,
          "attributes": {
            "address_space": [
              "10.0.0.0/16"
            ],
            "bgp_community": "",
            "ddos_protection_plan": [],
            "dns_servers": [],
            "edge_zone": "",
            "encryption": [],
            "flow_timeout_in_minutes": 0,
            "guid": "b7127d86-d74b-4b14-8b02-b20062e0959d",
            "id": "/subscriptions/ad92a2b4-b9aa-49c6-8c43-9eb2d22a6ef0/resourceGroups/sms-devops-rg/providers/Microsoft.Network/virtualNetworks/sms-vnet",
            "location": "koreacentral",
            "name": "sms-vnet",
            "resource_group_name": "sms-devops-rg",
            "subnet": [],
            "tags": {
              "Environment": "dev"
            },
            "timeouts": null
          },
          "sensitive_attributes": [],
          "identity_schema_version": 0,
          "private": "eyJlMmJmYjczMC1lY2FhLTExZTYtOGY4OC0zNDM2M2JjN2M0YzAiOnsiY3JlYXRlIjoxODAwMDAwMDAwMDAwLCJkZWxldGUiOjE4MDAwMDAwMDAwMDAsInJlYWQiOjMwMDAwMDAwMDAwMCwidXBkYXRlIjoxODAwMDAwMDAwMDAwfX0=",
          "dependencies": [
            "azurerm_resource_group.sms_rg"
          ]
        }
      ]
    }
  ],
  "check_results": null
}
